
Microsoft Visual Studio Solution File, Format Version 12.00
# Visual Studio Version 17
VisualStudioVersion = 17.8.34322.80
MinimumVisualStudioVersion = 10.0.40219.1
Project("{FAE04EC0-301F-11D3-BF4B-00C04F79EFBC}") = "DependencyTreeIssue.TestApp", "DependencyTreeIssue.TestApp\DependencyTreeIssue.TestApp.csproj", "{B31CA436-C0E8-4D81-A891-8224EB1F6F46}"
EndProject
Global
	GlobalSection(SolutionConfigurationPlatforms) = preSolution
		Debug|Any CPU = Debug|Any CPU
		Release|Any CPU = Release|Any CPU
	EndGlobalSection
	GlobalSection(ProjectConfigurationPlatforms) = postSolution
		{B31CA436-C0E8-4D81-A891-8224EB1F6F46}.Debug|Any CPU.ActiveCfg = Debug|Any CPU
		{B31CA436-C0E8-4D81-A891-8224EB1F6F46}.Debug|Any CPU.Build.0 = Debug|Any CPU
		{B31CA436-C0E8-4D81-A891-8224EB1F6F46}.Release|Any CPU.ActiveCfg = Release|Any CPU
		{B31CA436-C0E8-4D81-A891-8224EB1F6F46}.Release|Any CPU.Build.0 = Release|Any CPU
	EndGlobalSection
	GlobalSection(SolutionProperties) = preSolution
		HideSolutionNode = FALSE
	EndGlobalSection
	GlobalSection(ExtensibilityGlobals) = postSolution
		SolutionGuid = {D5033002-BA0A-4630-A995-15DB0AA0F0AD}
	EndGlobalSection
EndGlobal
